// !$*UTF8*$!
{
	archiveVersion = 1;
	classes = {
	};
	objectVersion = 50;
	objects = {

/* Begin PBXBuildFile section */
		B0429005258B9A1900BCED8D /* Day64App.swift in Sources */ = {isa = PBXBuildFile; fileRef = B0429004258B9A1900BCED8D /* Day64App.swift */; };
		B0429007258B9A1900BCED8D /* ContentView.swift in Sources */ = {isa = PBXBuildFile; fileRef = B0429006258B9A1900BCED8D /* ContentView.swift */; };
		B0429009258B9A1B00BCED8D /* Assets.xcassets in Resources */ = {isa = PBXBuildFile; fileRef = B0429008258B9A1B00BCED8D /* Assets.xcassets */; };
		B042900C258B9A1B00BCED8D /* Preview Assets.xcassets in Resources */ = {isa = PBXBuildFile; fileRef = B042900B258B9A1B00BCED8D /* Preview Assets.xcassets */; };
		B0429018258B9A1B00BCED8D /* Day64Tests.swift in Sources */ = {isa = PBXBuildFile; fileRef = B0429017258B9A1B00BCED8D /* Day64Tests.swift */; };
		B0429023258B9A1B00BCED8D /* Day64UITests.swift in Sources */ = {isa = PBXBuildFile; fileRef = B0429022258B9A1B00BCED8D /* Day64UITests.swift */; };
		B042903A258B9A4300BCED8D /* WidgetKit.framework in Frameworks */ = {isa = PBXBuildFile; fileRef = B0429039258B9A4300BCED8D /* WidgetKit.framework */; };
		B042903C258B9A4300BCED8D /* SwiftUI.framework in Frameworks */ = {isa = PBXBuildFile; fileRef = B042903B258B9A4300BCED8D /* SwiftUI.framework */; };
		B042903F258B9A4300BCED8D /* WidgetDay64.swift in Sources */ = {isa = PBXBuildFile; fileRef = B042903E258B9A4300BCED8D /* WidgetDay64.swift */; };
		B0429042258B9A4500BCED8D /* Assets.xcassets in Resources */ = {isa = PBXBuildFile; fileRef = B0429041258B9A4500BCED8D /* Assets.xcassets */; };
		B0429045258B9A4500BCED8D /* WidgetDay64.intentdefinition in Sources */ = {isa = PBXBuildFile; fileRef = B0429040258B9A4300BCED8D /* WidgetDay64.intentdefinition */; };
		B0429046258B9A4500BCED8D /* WidgetDay64.intentdefinition in Sources */ = {isa = PBXBuildFile; fileRef = B0429040258B9A4300BCED8D /* WidgetDay64.intentdefinition */; };
		B0429049258B9A4500BCED8D /* WidgetDay64Extension.appex in Embed App Extensions */ = {isa = PBXBuildFile; fileRef = B0429037258B9A4300BCED8D /* WidgetDay64Extension.appex */; settings = {ATTRIBUTES = (RemoveHeadersOnCopy, ); }; };
/* End PBXBuildFile section */

/* Begin PBXContainerItemProxy section */
		B0429014258B9A1B00BCED8D /* PBXContainerItemProxy */ = {
			isa = PBXContainerItemProxy;
			containerPortal = B0428FF9258B9A1900BCED8D /* Project object */;
			proxyType = 1;
			remoteGlobalIDString = B0429000258B9A1900BCED8D;
			remoteInfo = Day64;
		};
		B042901F258B9A1B00BCED8D /* PBXContainerItemProxy */ = {
			isa = PBXContainerItemProxy;
			containerPortal = B0428FF9258B9A1900BCED8D /* Project object */;
			proxyType = 1;
			remoteGlobalIDString = B0429000258B9A1900BCED8D;
			remoteInfo = Day64;
		};
		B0429047258B9A4500BCED8D /* PBXContainerItemProxy */ = {
			isa = PBXContainerItemProxy;
			containerPortal = B0428FF9258B9A1900BCED8D /* Project object */;
			proxyType = 1;
			remoteGlobalIDString = B0429036258B9A4300BCED8D;
			remoteInfo = WidgetDay64Extension;
		};
/* End PBXContainerItemProxy section */

/* Begin PBXCopyFilesBuildPhase section */
		B042904D258B9A4500BCED8D /* Embed App Extensions */ = {
			isa = PBXCopyFilesBuildPhase;
			buildActionMask = 2147483647;
			dstPath = "";
			dstSubfolderSpec = 13;
			files = (
				B0429049258B9A4500BCED8D /* WidgetDay64Extension.appex in Embed App Extensions */,
			);
			name = "Embed App Extensions";
			runOnlyForDeploymentPostprocessing = 0;
		};
/* End PBXCopyFilesBuildPhase section */

/* Begin PBXFileReference section */
		B0429001258B9A1900BCED8D /* Day64.app */ = {isa = PBXFileReference; explicitFileType = wrapper.application; includeInIndex = 0; path = Day64.app; sourceTree = BUILT_PRODUCTS_DIR; };
		B0429004258B9A1900BCED8D /* Day64App.swift */ = {isa = PBXFileReference; lastKnownFileType = sourcecode.swift; path = Day64App.swift; sourceTree = "<group>"; };
		B0429006258B9A1900BCED8D /* ContentView.swift */ = {isa = PBXFileReference; lastKnownFileType = sourcecode.swift; path = ContentView.swift; sourceTree = "<group>"; };
		B0429008258B9A1B00BCED8D /* Assets.xcassets */ = {isa = PBXFileReference; lastKnownFileType = folder.assetcatalog; path = Assets.xcassets; sourceTree = "<group>"; };
		B042900B258B9A1B00BCED8D /* Preview Assets.xcassets */ = {isa = PBXFileReference; lastKnownFileType = folder.assetcatalog; path = "Preview Assets.xcassets"; sourceTree = "<group>"; };
		B042900D258B9A1B00BCED8D /* Info.plist */ = {isa = PBXFileReference; lastKnownFileType = text.plist.xml; path = Info.plist; sourceTree = "<group>"; };
		B042900E258B9A1B00BCED8D /* Day64.entitlements */ = {isa = PBXFileReference; lastKnownFileType = text.plist.entitlements; path = Day64.entitlements; sourceTree = "<group>"; };
		B0429013258B9A1B00BCED8D /* Day64Tests.xctest */ = {isa = PBXFileReference; explicitFileType = wrapper.cfbundle; includeInIndex = 0; path = Day64Tests.xctest; sourceTree = BUILT_PRODUCTS_DIR; };
		B0429017258B9A1B00BCED8D /* Day64Tests.swift */ = {isa = PBXFileReference; lastKnownFileType = sourcecode.swift; path = Day64Tests.swift; sourceTree = "<group>"; };
		B0429019258B9A1B00BCED8D /* Info.plist */ = {isa = PBXFileReference; lastKnownFileType = text.plist.xml; path = Info.plist; sourceTree = "<group>"; };
		B042901E258B9A1B00BCED8D /* Day64UITests.xctest */ = {isa = PBXFileReference; explicitFileType = wrapper.cfbundle; includeInIndex = 0; path = Day64UITests.xctest; sourceTree = BUILT_PRODUCTS_DIR; };
		B0429022258B9A1B00BCED8D /* Day64UITests.swift */ = {isa = PBXFileReference; lastKnownFileType = sourcecode.swift; path = Day64UITests.swift; sourceTree = "<group>"; };
		B0429024258B9A1B00BCED8D /* Info.plist */ = {isa = PBXFileReference; lastKnownFileType = text.plist.xml; path = Info.plist; sourceTree = "<group>"; };
		B0429037258B9A4300BCED8D /* WidgetDay64Extension.appex */ = {isa = PBXFileReference; explicitFileType = "wrapper.app-extension"; includeInIndex = 0; path = WidgetDay64Extension.appex; sourceTree = BUILT_PRODUCTS_DIR; };
		B0429039258B9A4300BCED8D /* WidgetKit.framework */ = {isa = PBXFileReference; lastKnownFileType = wrapper.framework; name = WidgetKit.framework; path = System/Library/Frameworks/WidgetKit.framework; sourceTree = SDKROOT; };
		B042903B258B9A4300BCED8D /* SwiftUI.framework */ = {isa = PBXFileReference; lastKnownFileType = wrapper.framework; name = SwiftUI.framework; path = System/Library/Frameworks/SwiftUI.framework; sourceTree = SDKROOT; };
		B042903E258B9A4300BCED8D /* WidgetDay64.swift */ = {isa = PBXFileReference; lastKnownFileType = sourcecode.swift; path = WidgetDay64.swift; sourceTree = "<group>"; };
		B0429040258B9A4300BCED8D /* WidgetDay64.intentdefinition */ = {isa = PBXFileReference; lastKnownFileType = file.intentdefinition; path = WidgetDay64.intentdefinition; sourceTree = "<group>"; };
		B0429041258B9A4500BCED8D /* Assets.xcassets */ = {isa = PBXFileReference; lastKnownFileType = folder.assetcatalog; path = Assets.xcassets; sourceTree = "<group>"; };
		B0429043258B9A4500BCED8D /* Info.plist */ = {isa = PBXFileReference; lastKnownFileType = text.plist.xml; path = Info.plist; sourceTree = "<group>"; };
		B0429044258B9A4500BCED8D /* WidgetDay64.entitlements */ = {isa = PBXFileReference; lastKnownFileType = text.plist.entitlements; path = WidgetDay64.entitlements; sourceTree = "<group>"; };
/* End PBXFileReference section */

/* Begin PBXFrameworksBuildPhase section */
		B0428FFE258B9A1900BCED8D /* Frameworks */ = {
			isa = PBXFrameworksBuildPhase;
			buildActionMask = 2147483647;
			files = (
			);
			runOnlyForDeploymentPostprocessing = 0;
		};
		B0429010258B9A1B00BCED8D /* Frameworks */ = {
			isa = PBXFrameworksBuildPhase;
			buildActionMask = 2147483647;
			files = (
			);
			runOnlyForDeploymentPostprocessing = 0;
		};
		B042901B258B9A1B00BCED8D /* Frameworks */ = {
			isa = PBXFrameworksBuildPhase;
			buildActionMask = 2147483647;
			files = (
			);
			runOnlyForDeploymentPostprocessing = 0;
		};
		B0429034258B9A4300BCED8D /* Frameworks */ = {
			isa = PBXFrameworksBuildPhase;
			buildActionMask = 2147483647;
			files = (
				B042903C258B9A4300BCED8D /* SwiftUI.framework in Frameworks */,
				B042903A258B9A4300BCED8D /* WidgetKit.framework in Frameworks */,
			);
			runOnlyForDeploymentPostprocessing = 0;
		};
/* End PBXFrameworksBuildPhase section */

/* Begin PBXGroup section */
		B0428FF8258B9A1900BCED8D = {
			isa = PBXGroup;
			children = (
				B0429003258B9A1900BCED8D /* Day64 */,
				B0429016258B9A1B00BCED8D /* Day64Tests */,
				B0429021258B9A1B00BCED8D /* Day64UITests */,
				B042903D258B9A4300BCED8D /* WidgetDay64 */,
				B0429038258B9A4300BCED8D /* Frameworks */,
				B0429002258B9A1900BCED8D /* Products */,
			);
			sourceTree = "<group>";
		};
		B0429002258B9A1900BCED8D /* Products */ = {
			isa = PBXGroup;
			children = (
				B0429001258B9A1900BCED8D /* Day64.app */,
				B0429013258B9A1B00BCED8D /* Day64Tests.xctest */,
				B042901E258B9A1B00BCED8D /* Day64UITests.xctest */,
				B0429037258B9A4300BCED8D /* WidgetDay64Extension.appex */,
			);
			name = Products;
			sourceTree = "<group>";
		};
		B0429003258B9A1900BCED8D /* Day64 */ = {
			isa = PBXGroup;
			children = (
				B0429004258B9A1900BCED8D /* Day64App.swift */,
				B0429006258B9A1900BCED8D /* ContentView.swift */,
				B0429008258B9A1B00BCED8D /* Assets.xcassets */,
				B042900D258B9A1B00BCED8D /* Info.plist */,
				B042900E258B9A1B00BCED8D /* Day64.entitlements */,
				B042900A258B9A1B00BCED8D /* Preview Content */,
			);
			path = Day64;
			sourceTree = "<group>";
		};
		B042900A258B9A1B00BCED8D /* Preview Content */ = {
			isa = PBXGroup;
			children = (
				B042900B258B9A1B00BCED8D /* Preview Assets.xcassets */,
			);
			path = "Preview Content";
			sourceTree = "<group>";
		};
		B0429016258B9A1B00BCED8D /* Day64Tests */ = {
			isa = PBXGroup;
			children = (
				B0429017258B9A1B00BCED8D /* Day64Tests.swift */,
				B0429019258B9A1B00BCED8D /* Info.plist */,
			);
			path = Day64Tests;
			sourceTree = "<group>";
		};
		B0429021258B9A1B00BCED8D /* Day64UITests */ = {
			isa = PBXGroup;
			children = (
				B0429022258B9A1B00BCED8D /* Day64UITests.swift */,
				B0429024258B9A1B00BCED8D /* Info.plist */,
			);
			path = Day64UITests;
			sourceTree = "<group>";
		};
		B0429038258B9A4300BCED8D /* Frameworks */ = {
			isa = PBXGroup;
			children = (
				B0429039258B9A4300BCED8D /* WidgetKit.framework */,
				B042903B258B9A4300BCED8D /* SwiftUI.framework */,
			);
			name = Frameworks;
			sourceTree = "<group>";
		};
		B042903D258B9A4300BCED8D /* WidgetDay64 */ = {
			isa = PBXGroup;
			children = (
				B042903E258B9A4300BCED8D /* WidgetDay64.swift */,
				B0429040258B9A4300BCED8D /* WidgetDay64.intentdefinition */,
				B0429041258B9A4500BCED8D /* Assets.xcassets */,
				B0429043258B9A4500BCED8D /* Info.plist */,
				B0429044258B9A4500BCED8D /* WidgetDay64.entitlements */,
			);
			path = WidgetDay64;
			sourceTree = "<group>";
		};
/* End PBXGroup section */

/* Begin PBXNativeTarget section */
		B0429000258B9A1900BCED8D /* Day64 */ = {
			isa = PBXNativeTarget;
			buildConfigurationList = B0429027258B9A1B00BCED8D /* Build configuration list for PBXNativeTarget "Day64" */;
			buildPhases = (
				B0428FFD258B9A1900BCED8D /* Sources */,
				B0428FFE258B9A1900BCED8D /* Frameworks */,
				B0428FFF258B9A1900BCED8D /* Resources */,
				B042904D258B9A4500BCED8D /* Embed App Extensions */,
			);
			buildRules = (
			);
			dependencies = (
				B0429048258B9A4500BCED8D /* PBXTargetDependency */,
			);
			name = Day64;
			productName = Day64;
			productReference = B0429001258B9A1900BCED8D /* Day64.app */;
			productType = "com.apple.product-type.application";
		};
		B0429012258B9A1B00BCED8D /* Day64Tests */ = {
			isa = PBXNativeTarget;
			buildConfigurationList = B042902A258B9A1B00BCED8D /* Build configuration list for PBXNativeTarget "Day64Tests" */;
			buildPhases = (
				B042900F258B9A1B00BCED8D /* Sources */,
				B0429010258B9A1B00BCED8D /* Frameworks */,
				B0429011258B9A1B00BCED8D /* Resources */,
			);
			buildRules = (
			);
			dependencies = (
				B0429015258B9A1B00BCED8D /* PBXTargetDependency */,
			);
			name = Day64Tests;
			productName = Day64Tests;
			productReference = B0429013258B9A1B00BCED8D /* Day64Tests.xctest */;
			productType = "com.apple.product-type.bundle.unit-test";
		};
		B042901D258B9A1B00BCED8D /* Day64UITests */ = {
			isa = PBXNativeTarget;
			buildConfigurationList = B042902D258B9A1B00BCED8D /* Build configuration list for PBXNativeTarget "Day64UITests" */;
			buildPhases = (
				B042901A258B9A1B00BCED8D /* Sources */,
				B042901B258B9A1B00BCED8D /* Frameworks */,
				B042901C258B9A1B00BCED8D /* Resources */,
			);
			buildRules = (
			);
			dependencies = (
				B0429020258B9A1B00BCED8D /* PBXTargetDependency */,
			);
			name = Day64UITests;
			productName = Day64UITests;
			productReference = B042901E258B9A1B00BCED8D /* Day64UITests.xctest */;
			productType = "com.apple.product-type.bundle.ui-testing";
		};
		B0429036258B9A4300BCED8D /* WidgetDay64Extension */ = {
			isa = PBXNativeTarget;
			buildConfigurationList = B042904A258B9A4500BCED8D /* Build configuration list for PBXNativeTarget "WidgetDay64Extension" */;
			buildPhases = (
				B0429033258B9A4300BCED8D /* Sources */,
				B0429034258B9A4300BCED8D /* Frameworks */,
				B0429035258B9A4300BCED8D /* Resources */,
			);
			buildRules = (
			);
			dependencies = (
			);
			name = WidgetDay64Extension;
			productName = WidgetDay64Extension;
			productReference = B0429037258B9A4300BCED8D /* WidgetDay64Extension.appex */;
			productType = "com.apple.product-type.app-extension";
		};
/* End PBXNativeTarget section */

/* Begin PBXProject section */
		B0428FF9258B9A1900BCED8D /* Project object */ = {
			isa = PBXProject;
			attributes = {
				LastSwiftUpdateCheck = 1230;
				LastUpgradeCheck = 1230;
				TargetAttributes = {
					B0429000258B9A1900BCED8D = {
						CreatedOnToolsVersion = 12.3;
					};
					B0429012258B9A1B00BCED8D = {
						CreatedOnToolsVersion = 12.3;
						TestTargetID = B0429000258B9A1900BCED8D;
					};
					B042901D258B9A1B00BCED8D = {
						CreatedOnToolsVersion = 12.3;
						TestTargetID = B0429000258B9A1900BCED8D;
					};
					B0429036258B9A4300BCED8D = {
						CreatedOnToolsVersion = 12.3;
					};
				};
			};
			buildConfigurationList = B0428FFC258B9A1900BCED8D /* Build configuration list for PBXProject "Day64" */;
			compatibilityVersion = "Xcode 9.3";
			developmentRegion = en;
			hasScannedForEncodings = 0;
			knownRegions = (
				en,
				Base,
			);
			mainGroup = B0428FF8258B9A1900BCED8D;
			productRefGroup = B0429002258B9A1900BCED8D /* Products */;
			projectDirPath = "";
			projectRoot = "";
			targets = (
				B0429000258B9A1900BCED8D /* Day64 */,
				B0429012258B9A1B00BCED8D /* Day64Tests */,
				B042901D258B9A1B00BCED8D /* Day64UITests */,
				B0429036258B9A4300BCED8D /* WidgetDay64Extension */,
			);
		};
/* End PBXProject section */

/* Begin PBXResourcesBuildPhase section */
		B0428FFF258B9A1900BCED8D /* Resources */ = {
			isa = PBXResourcesBuildPhase;
			buildActionMask = 2147483647;
			files = (
				B042900C258B9A1B00BCED8D /* Preview Assets.xcassets in Resources */,
				B0429009258B9A1B00BCED8D /* Assets.xcassets in Resources */,
			);
			runOnlyForDeploymentPostprocessing = 0;
		};
		B0429011258B9A1B00BCED8D /* Resources */ = {
			isa = PBXResourcesBuildPhase;
			buildActionMask = 2147483647;
			files = (
			);
			runOnlyForDeploymentPostprocessing = 0;
		};
		B042901C258B9A1B00BCED8D /* Resources */ = {
			isa = PBXResourcesBuildPhase;
			buildActionMask = 2147483647;
			files = (
			);
			runOnlyForDeploymentPostprocessing = 0;
		};
		B0429035258B9A4300BCED8D /* Resources */ = {
			isa = PBXResourcesBuildPhase;
			buildActionMask = 2147483647;
			files = (
				B0429042258B9A4500BCED8D /* Assets.xcassets in Resources */,
			);
			runOnlyForDeploymentPostprocessing = 0;
		};
/* End PBXResourcesBuildPhase section */

/* Begin PBXSourcesBuildPhase section */
		B0428FFD258B9A1900BCED8D /* Sources */ = {
			isa = PBXSourcesBuildPhase;
			buildActionMask = 2147483647;
			files = (
				B0429046258B9A4500BCED8D /* WidgetDay64.intentdefinition in Sources */,
				B0429007258B9A1900BCED8D /* ContentView.swift in Sources */,
				B0429005258B9A1900BCED8D /* Day64App.swift in Sources */,
			);
			runOnlyForDeploymentPostprocessing = 0;
		};
		B042900F258B9A1B00BCED8D /* Sources */ = {
			isa = PBXSourcesBuildPhase;
			buildActionMask = 2147483647;
			files = (
				B0429018258B9A1B00BCED8D /* Day64Tests.swift in Sources */,
			);
			runOnlyForDeploymentPostprocessing = 0;
		};
		B042901A258B9A1B00BCED8D /* Sources */ = {
			isa = PBXSourcesBuildPhase;
			buildActionMask = 2147483647;
			files = (
				B0429023258B9A1B00BCED8D /* Day64UITests.swift in Sources */,
			);
			runOnlyForDeploymentPostprocessing = 0;
		};
		B0429033258B9A4300BCED8D /* Sources */ = {
			isa = PBXSourcesBuildPhase;
			buildActionMask = 2147483647;
			files = (
				B042903F258B9A4300BCED8D /* WidgetDay64.swift in Sources */,
				B0429045258B9A4500BCED8D /* WidgetDay64.intentdefinition in Sources */,
			);
			runOnlyForDeploymentPostprocessing = 0;
		};
/* End PBXSourcesBuildPhase section */

/* Begin PBXTargetDependency section */
		B0429015258B9A1B00BCED8D /* PBXTargetDependency */ = {
			isa = PBXTargetDependency;
			target = B0429000258B9A1900BCED8D /* Day64 */;
			targetProxy = B0429014258B9A1B00BCED8D /* PBXContainerItemProxy */;
		};
		B0429020258B9A1B00BCED8D /* PBXTargetDependency */ = {
			isa = PBXTargetDependency;
			target = B0429000258B9A1900BCED8D /* Day64 */;
			targetProxy = B042901F258B9A1B00BCED8D /* PBXContainerItemProxy */;
		};
		B0429048258B9A4500BCED8D /* PBXTargetDependency */ = {
			isa = PBXTargetDependency;
			target = B0429036258B9A4300BCED8D /* WidgetDay64Extension */;
			targetProxy = B0429047258B9A4500BCED8D /* PBXContainerItemProxy */;
		};
/* End PBXTargetDependency section */

/* Begin XCBuildConfiguration section */
		B0429025258B9A1B00BCED8D /* Debug */ = {
			isa = XCBuildConfiguration;
			buildSettings = {
				ALWAYS_SEARCH_USER_PATHS = NO;
				CLANG_ANALYZER_NONNULL = YES;
				CLANG_ANALYZER_NUMBER_OBJECT_CONVERSION = YES_AGGRESSIVE;
				CLANG_CXX_LANGUAGE_STANDARD = "gnu++14";
				CLANG_CXX_LIBRARY = "libc++";
				CLANG_ENABLE_MODULES = YES;
				CLANG_ENABLE_OBJC_ARC = YES;
				CLANG_ENABLE_OBJC_WEAK = YES;
				CLANG_WARN_BLOCK_CAPTURE_AUTORELEASING = YES;
				CLANG_WARN_BOOL_CONVERSION = YES;
				CLANG_WARN_COMMA = YES;
				CLANG_WARN_CONSTANT_CONVERSION = YES;
				CLANG_WARN_DEPRECATED_OBJC_IMPLEMENTATIONS = YES;
				CLANG_WARN_DIRECT_OBJC_ISA_USAGE = YES_ERROR;
				CLANG_WARN_DOCUMENTATION_COMMENTS = YES;
				CLANG_WARN_EMPTY_BODY = YES;
				CLANG_WARN_ENUM_CONVERSION = YES;
				CLANG_WARN_INFINITE_RECURSION = YES;
				CLANG_WARN_INT_CONVERSION = YES;
				CLANG_WARN_NON_LITERAL_NULL_CONVERSION = YES;
				CLANG_WARN_OBJC_IMPLICIT_RETAIN_SELF = YES;
				CLANG_WARN_OBJC_LITERAL_CONVERSION = YES;
				CLANG_WARN_OBJC_ROOT_CLASS = YES_ERROR;
				CLANG_WARN_QUOTED_INCLUDE_IN_FRAMEWORK_HEADER = YES;
				CLANG_WARN_RANGE_LOOP_ANALYSIS = YES;
				CLANG_WARN_STRICT_PROTOTYPES = YES;
				CLANG_WARN_SUSPICIOUS_MOVE = YES;
				CLANG_WARN_UNGUARDED_AVAILABILITY = YES_AGGRESSIVE;
				CLANG_WARN_UNREACHABLE_CODE = YES;
				CLANG_WARN__DUPLICATE_METHOD_MATCH = YES;
				COPY_PHASE_STRIP = NO;
				DEBUG_INFORMATION_FORMAT = dwarf;
				ENABLE_STRICT_OBJC_MSGSEND = YES;
				ENABLE_TESTABILITY = YES;
				GCC_C_LANGUAGE_STANDARD = gnu11;
				GCC_DYNAMIC_NO_PIC = NO;
				GCC_NO_COMMON_BLOCKS = YES;
				GCC_OPTIMIZATION_LEVEL = 0;
				GCC_PREPROCESSOR_DEFINITIONS = (
					"DEBUG=1",
					"$(inherited)",
				);
				GCC_WARN_64_TO_32_BIT_CONVERSION = YES;
				GCC_WARN_ABOUT_RETURN_TYPE = YES_ERROR;
				GCC_WARN_UNDECLARED_SELECTOR = YES;
				GCC_WARN_UNINITIALIZED_AUTOS = YES_AGGRESSIVE;
				GCC_WARN_UNUSED_FUNCTION = YES;
				GCC_WARN_UNUSED_VARIABLE = YES;
				MACOSX_DEPLOYMENT_TARGET = 11.1;
				MTL_ENABLE_DEBUG_INFO = INCLUDE_SOURCE;
				MTL_FAST_MATH = YES;
				ONLY_ACTIVE_ARCH = YES;
				SDKROOT = macosx;
				SWIFT_ACTIVE_COMPILATION_CONDITIONS = DEBUG;
				SWIFT_OPTIMIZATION_LEVEL = "-Onone";
			};
			name = Debug;
		};
		B0429026258B9A1B00BCED8D /* Release */ = {
			isa = XCBuildConfiguration;
			buildSettings = {
				ALWAYS_SEARCH_USER_PATHS = NO;
				CLANG_ANALYZER_NONNULL = YES;
				CLANG_ANALYZER_NUMBER_OBJECT_CONVERSION = YES_AGGRESSIVE;
				CLANG_CXX_LANGUAGE_STANDARD = "gnu++14";
				CLANG_CXX_LIBRARY = "libc++";
				CLANG_ENABLE_MODULES = YES;
				CLANG_ENABLE_OBJC_ARC = YES;
				CLANG_ENABLE_OBJC_WEAK = YES;
				CLANG_WARN_BLOCK_CAPTURE_AUTORELEASING = YES;
				CLANG_WARN_BOOL_CONVERSION = YES;
				CLANG_WARN_COMMA = YES;
				CLANG_WARN_CONSTANT_CONVERSION = YES;
				CLANG_WARN_DEPRECATED_OBJC_IMPLEMENTATIONS = YES;
				CLANG_WARN_DIRECT_OBJC_ISA_USAGE = YES_ERROR;
				CLANG_WARN_DOCUMENTATION_COMMENTS = YES;
				CLANG_WARN_EMPTY_BODY = YES;
				CLANG_WARN_ENUM_CONVERSION = YES;
				CLANG_WARN_INFINITE_RECURSION = YES;
				CLANG_WARN_INT_CONVERSION = YES;
				CLANG_WARN_NON_LITERAL_NULL_CONVERSION = YES;
				CLANG_WARN_OBJC_IMPLICIT_RETAIN_SELF = YES;
				CLANG_WARN_OBJC_LITERAL_CONVERSION = YES;
				CLANG_WARN_OBJC_ROOT_CLASS = YES_ERROR;
				CLANG_WARN_QUOTED_INCLUDE_IN_FRAMEWORK_HEADER = YES;
				CLANG_WARN_RANGE_LOOP_ANALYSIS = YES;
				CLANG_WARN_STRICT_PROTOTYPES = YES;
				CLANG_WARN_SUSPICIOUS_MOVE = YES;
				CLANG_WARN_UNGUARDED_AVAILABILITY = YES_AGGRESSIVE;
				CLANG_WARN_UNREACHABLE_CODE = YES;
				CLANG_WARN__DUPLICATE_METHOD_MATCH = YES;
				COPY_PHASE_STRIP = NO;
				DEBUG_INFORMATION_FORMAT = "dwarf-with-dsym";
				ENABLE_NS_ASSERTIONS = NO;
				ENABLE_STRICT_OBJC_MSGSEND = YES;
				GCC_C_LANGUAGE_STANDARD = gnu11;
				GCC_NO_COMMON_BLOCKS = YES;
				GCC_WARN_64_TO_32_BIT_CONVERSION = YES;
				GCC_WARN_ABOUT_RETURN_TYPE = YES_ERROR;
				GCC_WARN_UNDECLARED_SELECTOR = YES;
				GCC_WARN_UNINITIALIZED_AUTOS = YES_AGGRESSIVE;
				GCC_WARN_UNUSED_FUNCTION = YES;
				GCC_WARN_UNUSED_VARIABLE = YES;
				MACOSX_DEPLOYMENT_TARGET = 11.1;
				MTL_ENABLE_DEBUG_INFO = NO;
				MTL_FAST_MATH = YES;
				SDKROOT = macosx;
				SWIFT_COMPILATION_MODE = wholemodule;
				SWIFT_OPTIMIZATION_LEVEL = "-O";
			};
			name = Release;
		};
		B0429028258B9A1B00BCED8D /* Debug */ = {
			isa = XCBuildConfiguration;
			buildSettings = {
				ALWAYS_EMBED_SWIFT_STANDARD_LIBRARIES = YES;
				ASSETCATALOG_COMPILER_APPICON_NAME = AppIcon;
				ASSETCATALOG_COMPILER_GLOBAL_ACCENT_COLOR_NAME = AccentColor;
				CODE_SIGN_ENTITLEMENTS = Day64/Day64.entitlements;
				CODE_SIGN_STYLE = Automatic;
				COMBINE_HIDPI_IMAGES = YES;
				DEVELOPMENT_ASSET_PATHS = "\"Day64/Preview Content\"";
				DEVELOPMENT_TEAM = UWJCYGVG9Z;
				ENABLE_HARDENED_RUNTIME = YES;
				ENABLE_PREVIEWS = YES;
				INFOPLIST_FILE = Day64/Info.plist;
				LD_RUNPATH_SEARCH_PATHS = (
					"$(inherited)",
					"@executable_path/../Frameworks",
				);
				MACOSX_DEPLOYMENT_TARGET = 11.0;
				PRODUCT_BUNDLE_IDENTIFIER = com.cwxstat.Day64;
				PRODUCT_NAME = "$(TARGET_NAME)";
				SWIFT_VERSION = 5.0;
			};
			name = Debug;
		};
		B0429029258B9A1B00BCED8D /* Release */ = {
			isa = XCBuildConfiguration;
			buildSettings = {
				ALWAYS_EMBED_SWIFT_STANDARD_LIBRARIES = YES;
				ASSETCATALOG_COMPILER_APPICON_NAME = AppIcon;
				ASSETCATALOG_COMPILER_GLOBAL_ACCENT_COLOR_NAME = AccentColor;
				CODE_SIGN_ENTITLEMENTS = Day64/Day64.entitlements;
				CODE_SIGN_STYLE = Automatic;
				COMBINE_HIDPI_IMAGES = YES;
				DEVELOPMENT_ASSET_PATHS = "\"Day64/Preview Content\"";
				DEVELOPMENT_TEAM = UWJCYGVG9Z;
				ENABLE_HARDENED_RUNTIME = YES;
				ENABLE_PREVIEWS = YES;
				INFOPLIST_FILE = Day64/Info.plist;
				LD_RUNPATH_SEARCH_PATHS = (
					"$(inherited)",
					"@executable_path/../Frameworks",
				);
				MACOSX_DEPLOYMENT_TARGET = 11.0;
				PRODUCT_BUNDLE_IDENTIFIER = com.cwxstat.Day64;
				PRODUCT_NAME = "$(TARGET_NAME)";
				SWIFT_VERSION = 5.0;
			};
			name = Release;
		};
		B042902B258B9A1B00BCED8D /* Debug */ = {
			isa = XCBuildConfiguration;
			buildSettings = {
				ALWAYS_EMBED_SWIFT_STANDARD_LIBRARIES = YES;
				BUNDLE_LOADER = "$(TEST_HOST)";
				CODE_SIGN_STYLE = Automatic;
				COMBINE_HIDPI_IMAGES = YES;
				DEVELOPMENT_TEAM = UWJCYGVG9Z;
				INFOPLIST_FILE = Day64Tests/Info.plist;
				LD_RUNPATH_SEARCH_PATHS = (
					"$(inherited)",
					"@executable_path/../Frameworks",
					"@loader_path/../Frameworks",
				);
				MACOSX_DEPLOYMENT_TARGET = 11.0;
				PRODUCT_BUNDLE_IDENTIFIER = com.cwxstat.Day64Tests;
				PRODUCT_NAME = "$(TARGET_NAME)";
				SWIFT_VERSION = 5.0;
				TEST_HOST = "$(BUILT_PRODUCTS_DIR)/Day64.app/Contents/MacOS/Day64";
			};
			name = Debug;
		};
		B042902C258B9A1B00BCED8D /* Release */ = {
			isa = XCBuildConfiguration;
			buildSettings = {
				ALWAYS_EMBED_SWIFT_STANDARD_LIBRARIES = YES;
				BUNDLE_LOADER = "$(TEST_HOST)";
				CODE_SIGN_STYLE = Automatic;
				COMBINE_HIDPI_IMAGES = YES;
				DEVELOPMENT_TEAM = UWJCYGVG9Z;
				INFOPLIST_FILE = Day64Tests/Info.plist;
				LD_RUNPATH_SEARCH_PATHS = (
					"$(inherited)",
					"@executable_path/../Frameworks",
					"@loader_path/../Frameworks",
				);
				MACOSX_DEPLOYMENT_TARGET = 11.0;
				PRODUCT_BUNDLE_IDENTIFIER = com.cwxstat.Day64Tests;
				PRODUCT_NAME = "$(TARGET_NAME)";
				SWIFT_VERSION = 5.0;
				TEST_HOST = "$(BUILT_PRODUCTS_DIR)/Day64.app/Contents/MacOS/Day64";
			};
			name = Release;
		};
		B042902E258B9A1B00BCED8D /* Debug */ = {
			isa = XCBuildConfiguration;
			buildSettings = {
				ALWAYS_EMBED_SWIFT_STANDARD_LIBRARIES = YES;
				CODE_SIGN_STYLE = Automatic;
				COMBINE_HIDPI_IMAGES = YES;
				DEVELOPMENT_TEAM = UWJCYGVG9Z;
				INFOPLIST_FILE = Day64UITests/Info.plist;
				LD_RUNPATH_SEARCH_PATHS = (
					"$(inherited)",
					"@executable_path/../Frameworks",
					"@loader_path/../Frameworks",
				);
				PRODUCT_BUNDLE_IDENTIFIER = com.cwxstat.Day64UITests;
				PRODUCT_NAME = "$(TARGET_NAME)";
				SWIFT_VERSION = 5.0;
				TEST_TARGET_NAME = Day64;
			};
			name = Debug;
		};
		B042902F258B9A1B00BCED8D /* Release */ = {
			isa = XCBuildConfiguration;
			buildSettings = {
				ALWAYS_EMBED_SWIFT_STANDARD_LIBRARIES = YES;
				CODE_SIGN_STYLE = Automatic;
				COMBINE_HIDPI_IMAGES = YES;
				DEVELOPMENT_TEAM = UWJCYGVG9Z;
				INFOPLIST_FILE = Day64UITests/Info.plist;
				LD_RUNPATH_SEARCH_PATHS = (
					"$(inherited)",
					"@executable_path/../Frameworks",
					"@loader_path/../Frameworks",
				);
				PRODUCT_BUNDLE_IDENTIFIER = com.cwxstat.Day64UITests;
				PRODUCT_NAME = "$(TARGET_NAME)";
				SWIFT_VERSION = 5.0;
				TEST_TARGET_NAME = Day64;
			};
			name = Release;
		};
		B042904B258B9A4500BCED8D /* Debug */ = {
			isa = XCBuildConfiguration;
			buildSettings = {
				ASSETCATALOG_COMPILER_GLOBAL_ACCENT_COLOR_NAME = AccentColor;
				ASSETCATALOG_COMPILER_WIDGET_BACKGROUND_COLOR_NAME = WidgetBackground;
				CODE_SIGN_ENTITLEMENTS = WidgetDay64/WidgetDay64.entitlements;
				CODE_SIGN_STYLE = Automatic;
				DEVELOPMENT_TEAM = UWJCYGVG9Z;
				ENABLE_HARDENED_RUNTIME = YES;
				INFOPLIST_FILE = WidgetDay64/Info.plist;
				LD_RUNPATH_SEARCH_PATHS = (
					"$(inherited)",
					"@executable_path/../Frameworks",
					"@executable_path/../../../../Frameworks",
				);
				MACOSX_DEPLOYMENT_TARGET = 11.0;
				PRODUCT_BUNDLE_IDENTIFIER = com.cwxstat.Day64.WidgetDay64;
				PRODUCT_NAME = "$(TARGET_NAME)";
				SKIP_INSTALL = YES;
				SWIFT_VERSION = 5.0;
			};
			name = Debug;
		};
		B042904C258B9A4500BCED8D /* Release */ = {
			isa = XCBuildConfiguration;
			buildSettings = {
				ASSETCATALOG_COMPILER_GLOBAL_ACCENT_COLOR_NAME = AccentColor;
				ASSETCATALOG_COMPILER_WIDGET_BACKGROUND_COLOR_NAME = WidgetBackground;
				CODE_SIGN_ENTITLEMENTS = WidgetDay64/WidgetDay64.entitlements;
				CODE_SIGN_STYLE = Automatic;
				DEVELOPMENT_TEAM = UWJCYGVG9Z;
				ENABLE_HARDENED_RUNTIME = YES;
				INFOPLIST_FILE = WidgetDay64/Info.plist;
				LD_RUNPATH_SEARCH_PATHS = (
					"$(inherited)",
					"@executable_path/../Frameworks",
					"@executable_path/../../../../Frameworks",
				);
				MACOSX_DEPLOYMENT_TARGET = 11.0;
				PRODUCT_BUNDLE_IDENTIFIER = com.cwxstat.Day64.WidgetDay64;
				PRODUCT_NAME = "$(TARGET_NAME)";
				SKIP_INSTALL = YES;
				SWIFT_VERSION = 5.0;
			};
			name = Release;
		};
/* End XCBuildConfiguration section */

/* Begin XCConfigurationList section */
		B0428FFC258B9A1900BCED8D /* Build configuration list for PBXProject "Day64" */ = {
			isa = XCConfigurationList;
			buildConfigurations = (
				B0429025258B9A1B00BCED8D /* Debug */,
				B0429026258B9A1B00BCED8D /* Release */,
			);
			defaultConfigurationIsVisible = 0;
			defaultConfigurationName = Release;
		};
		B0429027258B9A1B00BCED8D /* Build configuration list for PBXNativeTarget "Day64" */ = {
			isa = XCConfigurationList;
			buildConfigurations = (
				B0429028258B9A1B00BCED8D /* Debug */,
				B0429029258B9A1B00BCED8D /* Release */,
			);
			defaultConfigurationIsVisible = 0;
			defaultConfigurationName = Release;
		};
		B042902A258B9A1B00BCED8D /* Build configuration list for PBXNativeTarget "Day64Tests" */ = {
			isa = XCConfigurationList;
			buildConfigurations = (
				B042902B258B9A1B00BCED8D /* Debug */,
				B042902C258B9A1B00BCED8D /* Release */,
			);
			defaultConfigurationIsVisible = 0;
			defaultConfigurationName = Release;
		};
		B042902D258B9A1B00BCED8D /* Build configuration list for PBXNativeTarget "Day64UITests" */ = {
			isa = XCConfigurationList;
			buildConfigurations = (
				B042902E258B9A1B00BCED8D /* Debug */,
				B042902F258B9A1B00BCED8D /* Release */,
			);
			defaultConfigurationIsVisible = 0;
			defaultConfigurationName = Release;
		};
		B042904A258B9A4500BCED8D /* Build configuration list for PBXNativeTarget "WidgetDay64Extension" */ = {
			isa = XCConfigurationList;
			buildConfigurations = (
				B042904B258B9A4500BCED8D /* Debug */,
				B042904C258B9A4500BCED8D /* Release */,
			);
			defaultConfigurationIsVisible = 0;
			defaultConfigurationName = Release;
		};
/* End XCConfigurationList section */
	};
	rootObject = B0428FF9258B9A1900BCED8D /* Project object */;
}
